
Microsoft Visual Studio Solution File, Format Version 12.00
# Visual Studio 2013
VisualStudioVersion = 12.0.31101.0
MinimumVisualStudioVersion = 10.0.40219.1
Project("{FAE04EC0-301F-11D3-BF4B-00C04F79EFBC}") = "MvcOurCompanyPL", "MvcOurCompanyPL\MvcOurCompanyPL.csproj", "{7772B917-AB95-42BB-8375-F1B8362FB158}"
EndProject
Project("{FAE04EC0-301F-11D3-BF4B-00C04F79EFBC}") = "MvcOurCompanyBLL", "MvcOurCompanyBLL\MvcOurCompanyBLL.csproj", "{D3911BB8-7ADF-4386-A02F-F89E2F56A877}"
EndProject
Project("{FAE04EC0-301F-11D3-BF4B-00C04F79EFBC}") = "MvcOurCompanyDAL", "MvcOurCompanyDAL\MvcOurCompanyDAL.csproj", "{37B2EDFA-222B-48F6-8A86-5E4AAAFECA8E}"
EndProject
Global
	GlobalSection(SolutionConfigurationPlatforms) = preSolution
		Debug|Any CPU = Debug|Any CPU
		Release|Any CPU = Release|Any CPU
	EndGlobalSection
	GlobalSection(ProjectConfigurationPlatforms) = postSolution
		{7772B917-AB95-42BB-8375-F1B8362FB158}.Debug|Any CPU.ActiveCfg = Debug|Any CPU
		{7772B917-AB95-42BB-8375-F1B8362FB158}.Debug|Any CPU.Build.0 = Debug|Any CPU
		{7772B917-AB95-42BB-8375-F1B8362FB158}.Release|Any CPU.ActiveCfg = Release|Any CPU
		{7772B917-AB95-42BB-8375-F1B8362FB158}.Release|Any CPU.Build.0 = Release|Any CPU
		{D3911BB8-7ADF-4386-A02F-F89E2F56A877}.Debug|Any CPU.ActiveCfg = Debug|Any CPU
		{D3911BB8-7ADF-4386-A02F-F89E2F56A877}.Debug|Any CPU.Build.0 = Debug|Any CPU
		{D3911BB8-7ADF-4386-A02F-F89E2F56A877}.Release|Any CPU.ActiveCfg = Release|Any CPU
		{D3911BB8-7ADF-4386-A02F-F89E2F56A877}.Release|Any CPU.Build.0 = Release|Any CPU
		{37B2EDFA-222B-48F6-8A86-5E4AAAFECA8E}.Debug|Any CPU.ActiveCfg = Debug|Any CPU
		{37B2EDFA-222B-48F6-8A86-5E4AAAFECA8E}.Debug|Any CPU.Build.0 = Debug|Any CPU
		{37B2EDFA-222B-48F6-8A86-5E4AAAFECA8E}.Release|Any CPU.ActiveCfg = Release|Any CPU
		{37B2EDFA-222B-48F6-8A86-5E4AAAFECA8E}.Release|Any CPU.Build.0 = Release|Any CPU
	EndGlobalSection
	GlobalSection(SolutionProperties) = preSolution
		HideSolutionNode = FALSE
	EndGlobalSection
EndGlobal
